
Microsoft Visual Studio Solution File, Format Version 12.00
# Visual Studio Version 17
VisualStudioVersion = 17.0.31903.59
MinimumVisualStudioVersion = 10.0.40219.1
Project("{9A19103F-16F7-4668-BE54-9A1E7A4F7556}") = "Bobs.Shell", "Bobs.Shell\Bobs.Shell.csproj", "{99184E62-EBB4-4C79-89D4-B618454F9F66}"
EndProject
Project("{9A19103F-16F7-4668-BE54-9A1E7A4F7556}") = "Bobs.Shell.Tests", "Bobs.Shell.Tests\Bobs.Shell.Tests.csproj", "{D453DF7E-42F5-4F64-9557-9C9FB38DF020}"
EndProject
Project("{2150E333-8FDC-42A3-9474-1A3956D46DE8}") = "Solution Items", "Solution Items", "{D169427E-B42D-4D1E-BC84-D02DB2F07038}"
	ProjectSection(SolutionItems) = preProject
		LICENSE = LICENSE
		README.md = README.md
	EndProjectSection
EndProject
Global
	GlobalSection(SolutionConfigurationPlatforms) = preSolution
		Debug|Any CPU = Debug|Any CPU
		Release|Any CPU = Release|Any CPU
	EndGlobalSection
	GlobalSection(ProjectConfigurationPlatforms) = postSolution
		{99184E62-EBB4-4C79-89D4-B618454F9F66}.Debug|Any CPU.ActiveCfg = Debug|Any CPU
		{99184E62-EBB4-4C79-89D4-B618454F9F66}.Debug|Any CPU.Build.0 = Debug|Any CPU
		{99184E62-EBB4-4C79-89D4-B618454F9F66}.Release|Any CPU.ActiveCfg = Release|Any CPU
		{99184E62-EBB4-4C79-89D4-B618454F9F66}.Release|Any CPU.Build.0 = Release|Any CPU
		{D453DF7E-42F5-4F64-9557-9C9FB38DF020}.Debug|Any CPU.ActiveCfg = Debug|Any CPU
		{D453DF7E-42F5-4F64-9557-9C9FB38DF020}.Debug|Any CPU.Build.0 = Debug|Any CPU
		{D453DF7E-42F5-4F64-9557-9C9FB38DF020}.Release|Any CPU.ActiveCfg = Release|Any CPU
		{D453DF7E-42F5-4F64-9557-9C9FB38DF020}.Release|Any CPU.Build.0 = Release|Any CPU
	EndGlobalSection
	GlobalSection(SolutionProperties) = preSolution
		HideSolutionNode = FALSE
	EndGlobalSection
	GlobalSection(ExtensibilityGlobals) = postSolution
		SolutionGuid = {9CA96BA7-91A2-4EC4-8391-66936CC80B2D}
	EndGlobalSection
EndGlobal
